
Microsoft Visual Studio Solution File, Format Version 12.00
# Visual Studio Version 17
VisualStudioVersion = 17.0.32112.339
MinimumVisualStudioVersion = 10.0.40219.1
Project("{8BC9CEB8-8B4A-11D0-8D11-00A0C91BC942}") = "helloworld01", "helloworld01\helloworld01.vcxproj", "{9BD82233-7299-47C3-82D2-8B80DED7FFCB}"
EndProject
Project("{8BC9CEB8-8B4A-11D0-8D11-00A0C91BC942}") = "运算符", "运算符\运算符.vcxproj", "{1C9B226A-9F2A-4083-B4BB-DAA180532DF1}"
EndProject
Project("{8BC9CEB8-8B4A-11D0-8D11-00A0C91BC942}") = "程序流程结构1", "程序流程结构\程序流程结构.vcxproj", "{5417C1F8-CD7F-4BD0-939F-BA7DA18E614E}"
EndProject
Project("{8BC9CEB8-8B4A-11D0-8D11-00A0C91BC942}") = "数组", "数组\数组.vcxproj", "{5765F31F-FCBB-4E52-9A94-0EEDECB58A78}"
EndProject
Project("{8BC9CEB8-8B4A-11D0-8D11-00A0C91BC942}") = "函数", "函数\函数.vcxproj", "{FA4E34A9-0A0D-4466-9963-2F32122D3A2C}"
EndProject
Project("{8BC9CEB8-8B4A-11D0-8D11-00A0C91BC942}") = "指针", "指针\指针.vcxproj", "{D14D11A5-BC80-43C5-BA71-49C6B1AF9E0E}"
EndProject
Project("{8BC9CEB8-8B4A-11D0-8D11-00A0C91BC942}") = "结构体", "结构体\结构体.vcxproj", "{115EF50A-3684-48EB-9896-F7BA8F85B1B6}"
EndProject
Project("{8BC9CEB8-8B4A-11D0-8D11-00A0C91BC942}") = "通讯录管理系统", "通讯录管理系统\通讯录管理系统.vcxproj", "{50CEDD4E-8ACA-4C3A-87E7-BF02F7C4DC35}"
EndProject
Project("{8BC9CEB8-8B4A-11D0-8D11-00A0C91BC942}") = "考试系统", "考试系统\考试系统.vcxproj", "{19686C07-1CF5-44F1-A6A9-DE314C3C4A78}"
EndProject
Project("{8BC9CEB8-8B4A-11D0-8D11-00A0C91BC942}") = "程序的内存模型", "程序的内存模型\程序的内存模型.vcxproj", "{8AC0346E-34AA-4962-B3AB-B186BA568BFE}"
EndProject
Project("{8BC9CEB8-8B4A-11D0-8D11-00A0C91BC942}") = "骆思如", "骆思如\骆思如.vcxproj", "{B30D7E46-CEBE-4F39-AA4B-A21DCA852B31}"
EndProject
Project("{8BC9CEB8-8B4A-11D0-8D11-00A0C91BC942}") = "pta题目", "pta题目\pta题目.vcxproj", "{F7234A89-32B0-4D3A-9E82-FD916B6E7D9E}"
EndProject
Global
	GlobalSection(SolutionConfigurationPlatforms) = preSolution
		Debug|x64 = Debug|x64
		Debug|x86 = Debug|x86
		Release|x64 = Release|x64
		Release|x86 = Release|x86
	EndGlobalSection
	GlobalSection(ProjectConfigurationPlatforms) = postSolution
		{9BD82233-7299-47C3-82D2-8B80DED7FFCB}.Debug|x64.ActiveCfg = Debug|x64
		{9BD82233-7299-47C3-82D2-8B80DED7FFCB}.Debug|x64.Build.0 = Debug|x64
		{9BD82233-7299-47C3-82D2-8B80DED7FFCB}.Debug|x86.ActiveCfg = Debug|Win32
		{9BD82233-7299-47C3-82D2-8B80DED7FFCB}.Debug|x86.Build.0 = Debug|Win32
		{9BD82233-7299-47C3-82D2-8B80DED7FFCB}.Release|x64.ActiveCfg = Release|x64
		{9BD82233-7299-47C3-82D2-8B80DED7FFCB}.Release|x64.Build.0 = Release|x64
		{9BD82233-7299-47C3-82D2-8B80DED7FFCB}.Release|x86.ActiveCfg = Release|Win32
		{9BD82233-7299-47C3-82D2-8B80DED7FFCB}.Release|x86.Build.0 = Release|Win32
		{1C9B226A-9F2A-4083-B4BB-DAA180532DF1}.Debug|x64.ActiveCfg = Debug|x64
		{1C9B226A-9F2A-4083-B4BB-DAA180532DF1}.Debug|x64.Build.0 = Debug|x64
		{1C9B226A-9F2A-4083-B4BB-DAA180532DF1}.Debug|x86.ActiveCfg = Debug|Win32
		{1C9B226A-9F2A-4083-B4BB-DAA180532DF1}.Debug|x86.Build.0 = Debug|Win32
		{1C9B226A-9F2A-4083-B4BB-DAA180532DF1}.Release|x64.ActiveCfg = Release|x64
		{1C9B226A-9F2A-4083-B4BB-DAA180532DF1}.Release|x64.Build.0 = Release|x64
		{1C9B226A-9F2A-4083-B4BB-DAA180532DF1}.Release|x86.ActiveCfg = Release|Win32
		{1C9B226A-9F2A-4083-B4BB-DAA180532DF1}.Release|x86.Build.0 = Release|Win32
		{5417C1F8-CD7F-4BD0-939F-BA7DA18E614E}.Debug|x64.ActiveCfg = Debug|x64
		{5417C1F8-CD7F-4BD0-939F-BA7DA18E614E}.Debug|x64.Build.0 = Debug|x64
		{5417C1F8-CD7F-4BD0-939F-BA7DA18E614E}.Debug|x86.ActiveCfg = Debug|Win32
		{5417C1F8-CD7F-4BD0-939F-BA7DA18E614E}.Debug|x86.Build.0 = Debug|Win32
		{5417C1F8-CD7F-4BD0-939F-BA7DA18E614E}.Release|x64.ActiveCfg = Release|x64
		{5417C1F8-CD7F-4BD0-939F-BA7DA18E614E}.Release|x64.Build.0 = Release|x64
		{5417C1F8-CD7F-4BD0-939F-BA7DA18E614E}.Release|x86.ActiveCfg = Release|Win32
		{5417C1F8-CD7F-4BD0-939F-BA7DA18E614E}.Release|x86.Build.0 = Release|Win32
		{5765F31F-FCBB-4E52-9A94-0EEDECB58A78}.Debug|x64.ActiveCfg = Debug|x64
		{5765F31F-FCBB-4E52-9A94-0EEDECB58A78}.Debug|x64.Build.0 = Debug|x64
		{5765F31F-FCBB-4E52-9A94-0EEDECB58A78}.Debug|x86.ActiveCfg = Debug|Win32
		{5765F31F-FCBB-4E52-9A94-0EEDECB58A78}.Debug|x86.Build.0 = Debug|Win32
		{5765F31F-FCBB-4E52-9A94-0EEDECB58A78}.Release|x64.ActiveCfg = Release|x64
		{5765F31F-FCBB-4E52-9A94-0EEDECB58A78}.Release|x64.Build.0 = Release|x64
		{5765F31F-FCBB-4E52-9A94-0EEDECB58A78}.Release|x86.ActiveCfg = Release|Win32
		{5765F31F-FCBB-4E52-9A94-0EEDECB58A78}.Release|x86.Build.0 = Release|Win32
		{FA4E34A9-0A0D-4466-9963-2F32122D3A2C}.Debug|x64.ActiveCfg = Debug|x64
		{FA4E34A9-0A0D-4466-9963-2F32122D3A2C}.Debug|x64.Build.0 = Debug|x64
		{FA4E34A9-0A0D-4466-9963-2F32122D3A2C}.Debug|x86.ActiveCfg = Debug|Win32
		{FA4E34A9-0A0D-4466-9963-2F32122D3A2C}.Debug|x86.Build.0 = Debug|Win32
		{FA4E34A9-0A0D-4466-9963-2F32122D3A2C}.Release|x64.ActiveCfg = Release|x64
		{FA4E34A9-0A0D-4466-9963-2F32122D3A2C}.Release|x64.Build.0 = Release|x64
		{FA4E34A9-0A0D-4466-9963-2F32122D3A2C}.Release|x86.ActiveCfg = Release|Win32
		{FA4E34A9-0A0D-4466-9963-2F32122D3A2C}.Release|x86.Build.0 = Release|Win32
		{D14D11A5-BC80-43C5-BA71-49C6B1AF9E0E}.Debug|x64.ActiveCfg = Debug|x64
		{D14D11A5-BC80-43C5-BA71-49C6B1AF9E0E}.Debug|x64.Build.0 = Debug|x64
		{D14D11A5-BC80-43C5-BA71-49C6B1AF9E0E}.Debug|x86.ActiveCfg = Debug|Win32
		{D14D11A5-BC80-43C5-BA71-49C6B1AF9E0E}.Debug|x86.Build.0 = Debug|Win32
		{D14D11A5-BC80-43C5-BA71-49C6B1AF9E0E}.Release|x64.ActiveCfg = Release|x64
		{D14D11A5-BC80-43C5-BA71-49C6B1AF9E0E}.Release|x64.Build.0 = Release|x64
		{D14D11A5-BC80-43C5-BA71-49C6B1AF9E0E}.Release|x86.ActiveCfg = Release|Win32
		{D14D11A5-BC80-43C5-BA71-49C6B1AF9E0E}.Release|x86.Build.0 = Release|Win32
		{115EF50A-3684-48EB-9896-F7BA8F85B1B6}.Debug|x64.ActiveCfg = Debug|x64
		{115EF50A-3684-48EB-9896-F7BA8F85B1B6}.Debug|x64.Build.0 = Debug|x64
		{115EF50A-3684-48EB-9896-F7BA8F85B1B6}.Debug|x86.ActiveCfg = Debug|Win32
		{115EF50A-3684-48EB-9896-F7BA8F85B1B6}.Debug|x86.Build.0 = Debug|Win32
		{115EF50A-3684-48EB-9896-F7BA8F85B1B6}.Release|x64.ActiveCfg = Release|x64
		{115EF50A-3684-48EB-9896-F7BA8F85B1B6}.Release|x64.Build.0 = Release|x64
		{115EF50A-3684-48EB-9896-F7BA8F85B1B6}.Release|x86.ActiveCfg = Release|Win32
		{115EF50A-3684-48EB-9896-F7BA8F85B1B6}.Release|x86.Build.0 = Release|Win32
		{50CEDD4E-8ACA-4C3A-87E7-BF02F7C4DC35}.Debug|x64.ActiveCfg = Debug|x64
		{50CEDD4E-8ACA-4C3A-87E7-BF02F7C4DC35}.Debug|x64.Build.0 = Debug|x64
		{50CEDD4E-8ACA-4C3A-87E7-BF02F7C4DC35}.Debug|x86.ActiveCfg = Debug|Win32
		{50CEDD4E-8ACA-4C3A-87E7-BF02F7C4DC35}.Debug|x86.Build.0 = Debug|Win32
		{50CEDD4E-8ACA-4C3A-87E7-BF02F7C4DC35}.Release|x64.ActiveCfg = Release|x64
		{50CEDD4E-8ACA-4C3A-87E7-BF02F7C4DC35}.Release|x64.Build.0 = Release|x64
		{50CEDD4E-8ACA-4C3A-87E7-BF02F7C4DC35}.Release|x86.ActiveCfg = Release|Win32
		{50CEDD4E-8ACA-4C3A-87E7-BF02F7C4DC35}.Release|x86.Build.0 = Release|Win32
		{19686C07-1CF5-44F1-A6A9-DE314C3C4A78}.Debug|x64.ActiveCfg = Debug|x64
		{19686C07-1CF5-44F1-A6A9-DE314C3C4A78}.Debug|x64.Build.0 = Debug|x64
		{19686C07-1CF5-44F1-A6A9-DE314C3C4A78}.Debug|x86.ActiveCfg = Debug|Win32
		{19686C07-1CF5-44F1-A6A9-DE314C3C4A78}.Debug|x86.Build.0 = Debug|Win32
		{19686C07-1CF5-44F1-A6A9-DE314C3C4A78}.Release|x64.ActiveCfg = Release|x64
		{19686C07-1CF5-44F1-A6A9-DE314C3C4A78}.Release|x64.Build.0 = Release|x64
		{19686C07-1CF5-44F1-A6A9-DE314C3C4A78}.Release|x86.ActiveCfg = Release|Win32
		{19686C07-1CF5-44F1-A6A9-DE314C3C4A78}.Release|x86.Build.0 = Release|Win32
		{8AC0346E-34AA-4962-B3AB-B186BA568BFE}.Debug|x64.ActiveCfg = Debug|x64
		{8AC0346E-34AA-4962-B3AB-B186BA568BFE}.Debug|x64.Build.0 = Debug|x64
		{8AC0346E-34AA-4962-B3AB-B186BA568BFE}.Debug|x86.ActiveCfg = Debug|Win32
		{8AC0346E-34AA-4962-B3AB-B186BA568BFE}.Debug|x86.Build.0 = Debug|Win32
		{8AC0346E-34AA-4962-B3AB-B186BA568BFE}.Release|x64.ActiveCfg = Release|x64
		{8AC0346E-34AA-4962-B3AB-B186BA568BFE}.Release|x64.Build.0 = Release|x64
		{8AC0346E-34AA-4962-B3AB-B186BA568BFE}.Release|x86.ActiveCfg = Release|Win32
		{8AC0346E-34AA-4962-B3AB-B186BA568BFE}.Release|x86.Build.0 = Release|Win32
		{B30D7E46-CEBE-4F39-AA4B-A21DCA852B31}.Debug|x64.ActiveCfg = Debug|x64
		{B30D7E46-CEBE-4F39-AA4B-A21DCA852B31}.Debug|x64.Build.0 = Debug|x64
		{B30D7E46-CEBE-4F39-AA4B-A21DCA852B31}.Debug|x86.ActiveCfg = Debug|Win32
		{B30D7E46-CEBE-4F39-AA4B-A21DCA852B31}.Debug|x86.Build.0 = Debug|Win32
		{B30D7E46-CEBE-4F39-AA4B-A21DCA852B31}.Release|x64.ActiveCfg = Release|x64
		{B30D7E46-CEBE-4F39-AA4B-A21DCA852B31}.Release|x64.Build.0 = Release|x64
		{B30D7E46-CEBE-4F39-AA4B-A21DCA852B31}.Release|x86.ActiveCfg = Release|Win32
		{B30D7E46-CEBE-4F39-AA4B-A21DCA852B31}.Release|x86.Build.0 = Release|Win32
		{F7234A89-32B0-4D3A-9E82-FD916B6E7D9E}.Debug|x64.ActiveCfg = Debug|x64
		{F7234A89-32B0-4D3A-9E82-FD916B6E7D9E}.Debug|x64.Build.0 = Debug|x64
		{F7234A89-32B0-4D3A-9E82-FD916B6E7D9E}.Debug|x86.ActiveCfg = Debug|Win32
		{F7234A89-32B0-4D3A-9E82-FD916B6E7D9E}.Debug|x86.Build.0 = Debug|Win32
		{F7234A89-32B0-4D3A-9E82-FD916B6E7D9E}.Release|x64.ActiveCfg = Release|x64
		{F7234A89-32B0-4D3A-9E82-FD916B6E7D9E}.Release|x64.Build.0 = Release|x64
		{F7234A89-32B0-4D3A-9E82-FD916B6E7D9E}.Release|x86.ActiveCfg = Release|Win32
		{F7234A89-32B0-4D3A-9E82-FD916B6E7D9E}.Release|x86.Build.0 = Release|Win32
	EndGlobalSection
	GlobalSection(SolutionProperties) = preSolution
		HideSolutionNode = FALSE
	EndGlobalSection
	GlobalSection(ExtensibilityGlobals) = postSolution
		SolutionGuid = {F57CCD7C-7BA5-4EA7-9D97-D636B31CFAD8}
	EndGlobalSection
EndGlobal
